
Microsoft Visual Studio Solution File, Format Version 12.00
# Visual Studio 15
VisualStudioVersion = 15.0.28307.329
MinimumVisualStudioVersion = 10.0.40219.1
Project("{FAE04EC0-301F-11D3-BF4B-00C04F79EFBC}") = "SpoKafkaConnector", "SpoKafkaConnector.csproj", "{37778975-3C75-43A0-AA60-B5D5DBB07803}"
EndProject
Project("{FAE04EC0-301F-11D3-BF4B-00C04F79EFBC}") = "MessageBroker", "..\MessageBroker\MessageBroker.csproj", "{5B486B91-C229-4699-97D7-EF5CD02262A8}"
EndProject
Project("{FAE04EC0-301F-11D3-BF4B-00C04F79EFBC}") = "SpoKafkaConnectorFunction", "..\SpoKafkaConnectorFunction\SpoKafkaConnectorFunction.csproj", "{B36B1790-52EC-4DDD-96B7-AA5EFE7FE9F9}"
EndProject
Global
	GlobalSection(SolutionConfigurationPlatforms) = preSolution
		Debug|Any CPU = Debug|Any CPU
		Release|Any CPU = Release|Any CPU
	EndGlobalSection
	GlobalSection(ProjectConfigurationPlatforms) = postSolution
		{37778975-3C75-43A0-AA60-B5D5DBB07803}.Debug|Any CPU.ActiveCfg = Debug|Any CPU
		{37778975-3C75-43A0-AA60-B5D5DBB07803}.Debug|Any CPU.Build.0 = Debug|Any CPU
		{37778975-3C75-43A0-AA60-B5D5DBB07803}.Release|Any CPU.ActiveCfg = Release|Any CPU
		{37778975-3C75-43A0-AA60-B5D5DBB07803}.Release|Any CPU.Build.0 = Release|Any CPU
		{5B486B91-C229-4699-97D7-EF5CD02262A8}.Debug|Any CPU.ActiveCfg = Debug|Any CPU
		{5B486B91-C229-4699-97D7-EF5CD02262A8}.Debug|Any CPU.Build.0 = Debug|Any CPU
		{5B486B91-C229-4699-97D7-EF5CD02262A8}.Release|Any CPU.ActiveCfg = Release|Any CPU
		{5B486B91-C229-4699-97D7-EF5CD02262A8}.Release|Any CPU.Build.0 = Release|Any CPU
		{B36B1790-52EC-4DDD-96B7-AA5EFE7FE9F9}.Debug|Any CPU.ActiveCfg = Debug|Any CPU
		{B36B1790-52EC-4DDD-96B7-AA5EFE7FE9F9}.Debug|Any CPU.Build.0 = Debug|Any CPU
		{B36B1790-52EC-4DDD-96B7-AA5EFE7FE9F9}.Release|Any CPU.ActiveCfg = Release|Any CPU
		{B36B1790-52EC-4DDD-96B7-AA5EFE7FE9F9}.Release|Any CPU.Build.0 = Release|Any CPU
	EndGlobalSection
	GlobalSection(SolutionProperties) = preSolution
		HideSolutionNode = FALSE
	EndGlobalSection
	GlobalSection(ExtensibilityGlobals) = postSolution
		SolutionGuid = {A69B164E-EF97-4067-B123-B9411D508D06}
	EndGlobalSection
EndGlobal
